
Microsoft Visual Studio Solution File, Format Version 12.00
# Visual Studio Version 17
VisualStudioVersion = 17.4.33103.184
MinimumVisualStudioVersion = 10.0.40219.1
Project("{F184B08F-C81C-45F6-A57F-5ABD9991F28F}") = "Restaurante Los Bogavantes", "Restaurante Los Bogavantes\Restaurante Los Bogavantes.vbproj", "{53610EDC-B28C-4DEA-BD8B-5D2C2AEA0DED}"
EndProject
Project("{F184B08F-C81C-45F6-A57F-5ABD9991F28F}") = "ClassLibrary1", "ClassLibrary1\ClassLibrary1.vbproj", "{5DE24DBB-A3B8-40D4-AA4E-8AB45C617B6F}"
EndProject
Project("{F184B08F-C81C-45F6-A57F-5ABD9991F28F}") = "ClassLibrary2", "ClassLibrary2\ClassLibrary2.vbproj", "{82BB17E6-E70D-4D6C-86C1-A9E3F945870D}"
EndProject
Project("{F184B08F-C81C-45F6-A57F-5ABD9991F28F}") = "ClassLibrary3", "ClassLibrary3\ClassLibrary3.vbproj", "{B4149299-7BB7-408B-89A1-736971C806E7}"
EndProject
Global
	GlobalSection(SolutionConfigurationPlatforms) = preSolution
		Debug|Any CPU = Debug|Any CPU
		Release|Any CPU = Release|Any CPU
	EndGlobalSection
	GlobalSection(ProjectConfigurationPlatforms) = postSolution
		{53610EDC-B28C-4DEA-BD8B-5D2C2AEA0DED}.Debug|Any CPU.ActiveCfg = Debug|Any CPU
		{53610EDC-B28C-4DEA-BD8B-5D2C2AEA0DED}.Debug|Any CPU.Build.0 = Debug|Any CPU
		{53610EDC-B28C-4DEA-BD8B-5D2C2AEA0DED}.Release|Any CPU.ActiveCfg = Release|Any CPU
		{53610EDC-B28C-4DEA-BD8B-5D2C2AEA0DED}.Release|Any CPU.Build.0 = Release|Any CPU
		{5DE24DBB-A3B8-40D4-AA4E-8AB45C617B6F}.Debug|Any CPU.ActiveCfg = Debug|Any CPU
		{5DE24DBB-A3B8-40D4-AA4E-8AB45C617B6F}.Debug|Any CPU.Build.0 = Debug|Any CPU
		{5DE24DBB-A3B8-40D4-AA4E-8AB45C617B6F}.Release|Any CPU.ActiveCfg = Release|Any CPU
		{5DE24DBB-A3B8-40D4-AA4E-8AB45C617B6F}.Release|Any CPU.Build.0 = Release|Any CPU
		{82BB17E6-E70D-4D6C-86C1-A9E3F945870D}.Debug|Any CPU.ActiveCfg = Debug|Any CPU
		{82BB17E6-E70D-4D6C-86C1-A9E3F945870D}.Debug|Any CPU.Build.0 = Debug|Any CPU
		{82BB17E6-E70D-4D6C-86C1-A9E3F945870D}.Release|Any CPU.ActiveCfg = Release|Any CPU
		{82BB17E6-E70D-4D6C-86C1-A9E3F945870D}.Release|Any CPU.Build.0 = Release|Any CPU
		{B4149299-7BB7-408B-89A1-736971C806E7}.Debug|Any CPU.ActiveCfg = Debug|Any CPU
		{B4149299-7BB7-408B-89A1-736971C806E7}.Debug|Any CPU.Build.0 = Debug|Any CPU
		{B4149299-7BB7-408B-89A1-736971C806E7}.Release|Any CPU.ActiveCfg = Release|Any CPU
		{B4149299-7BB7-408B-89A1-736971C806E7}.Release|Any CPU.Build.0 = Release|Any CPU
	EndGlobalSection
	GlobalSection(SolutionProperties) = preSolution
		HideSolutionNode = FALSE
	EndGlobalSection
	GlobalSection(ExtensibilityGlobals) = postSolution
		SolutionGuid = {5A457A8D-D55D-4D81-ABD2-18A6D2B07CCD}
	EndGlobalSection
EndGlobal
